
Microsoft Visual Studio Solution File, Format Version 12.00
# Visual Studio Version 16
VisualStudioVersion = 16.0.30011.22
MinimumVisualStudioVersion = 15.0.26124.0
Project("{9A19103F-16F7-4668-BE54-9A1E7A4F7556}") = "Db.Sqlite", "Db.Sqlite\Db.Sqlite.csproj", "{DA62ABA6-6878-4527-BA8C-38792F191D62}"
EndProject
Project("{9A19103F-16F7-4668-BE54-9A1E7A4F7556}") = "Db.Client", "Db.Client\Db.Client.csproj", "{5D6C876C-B7F9-4210-81B1-E0C690D1AF80}"
EndProject
Project("{9A19103F-16F7-4668-BE54-9A1E7A4F7556}") = "Db.Tests", "Db.Tests\Db.Tests.csproj", "{CAB02D28-BC1A-441E-AD28-4AF65883D6D3}"
EndProject
Global
	GlobalSection(SolutionConfigurationPlatforms) = preSolution
		Debug|Any CPU = Debug|Any CPU
		Debug|x64 = Debug|x64
		Debug|x86 = Debug|x86
		Release|Any CPU = Release|Any CPU
		Release|x64 = Release|x64
		Release|x86 = Release|x86
	EndGlobalSection
	GlobalSection(ProjectConfigurationPlatforms) = postSolution
		{DA62ABA6-6878-4527-BA8C-38792F191D62}.Debug|Any CPU.ActiveCfg = Debug|Any CPU
		{DA62ABA6-6878-4527-BA8C-38792F191D62}.Debug|Any CPU.Build.0 = Debug|Any CPU
		{DA62ABA6-6878-4527-BA8C-38792F191D62}.Debug|x64.ActiveCfg = Debug|Any CPU
		{DA62ABA6-6878-4527-BA8C-38792F191D62}.Debug|x64.Build.0 = Debug|Any CPU
		{DA62ABA6-6878-4527-BA8C-38792F191D62}.Debug|x86.ActiveCfg = Debug|Any CPU
		{DA62ABA6-6878-4527-BA8C-38792F191D62}.Debug|x86.Build.0 = Debug|Any CPU
		{DA62ABA6-6878-4527-BA8C-38792F191D62}.Release|Any CPU.ActiveCfg = Release|Any CPU
		{DA62ABA6-6878-4527-BA8C-38792F191D62}.Release|Any CPU.Build.0 = Release|Any CPU
		{DA62ABA6-6878-4527-BA8C-38792F191D62}.Release|x64.ActiveCfg = Release|Any CPU
		{DA62ABA6-6878-4527-BA8C-38792F191D62}.Release|x64.Build.0 = Release|Any CPU
		{DA62ABA6-6878-4527-BA8C-38792F191D62}.Release|x86.ActiveCfg = Release|Any CPU
		{DA62ABA6-6878-4527-BA8C-38792F191D62}.Release|x86.Build.0 = Release|Any CPU
		{5D6C876C-B7F9-4210-81B1-E0C690D1AF80}.Debug|Any CPU.ActiveCfg = Debug|Any CPU
		{5D6C876C-B7F9-4210-81B1-E0C690D1AF80}.Debug|Any CPU.Build.0 = Debug|Any CPU
		{5D6C876C-B7F9-4210-81B1-E0C690D1AF80}.Debug|x64.ActiveCfg = Debug|Any CPU
		{5D6C876C-B7F9-4210-81B1-E0C690D1AF80}.Debug|x64.Build.0 = Debug|Any CPU
		{5D6C876C-B7F9-4210-81B1-E0C690D1AF80}.Debug|x86.ActiveCfg = Debug|Any CPU
		{5D6C876C-B7F9-4210-81B1-E0C690D1AF80}.Debug|x86.Build.0 = Debug|Any CPU
		{5D6C876C-B7F9-4210-81B1-E0C690D1AF80}.Release|Any CPU.ActiveCfg = Release|Any CPU
		{5D6C876C-B7F9-4210-81B1-E0C690D1AF80}.Release|Any CPU.Build.0 = Release|Any CPU
		{5D6C876C-B7F9-4210-81B1-E0C690D1AF80}.Release|x64.ActiveCfg = Release|Any CPU
		{5D6C876C-B7F9-4210-81B1-E0C690D1AF80}.Release|x64.Build.0 = Release|Any CPU
		{5D6C876C-B7F9-4210-81B1-E0C690D1AF80}.Release|x86.ActiveCfg = Release|Any CPU
		{5D6C876C-B7F9-4210-81B1-E0C690D1AF80}.Release|x86.Build.0 = Release|Any CPU
		{CAB02D28-BC1A-441E-AD28-4AF65883D6D3}.Debug|Any CPU.ActiveCfg = Debug|Any CPU
		{CAB02D28-BC1A-441E-AD28-4AF65883D6D3}.Debug|Any CPU.Build.0 = Debug|Any CPU
		{CAB02D28-BC1A-441E-AD28-4AF65883D6D3}.Debug|x64.ActiveCfg = Debug|Any CPU
		{CAB02D28-BC1A-441E-AD28-4AF65883D6D3}.Debug|x64.Build.0 = Debug|Any CPU
		{CAB02D28-BC1A-441E-AD28-4AF65883D6D3}.Debug|x86.ActiveCfg = Debug|Any CPU
		{CAB02D28-BC1A-441E-AD28-4AF65883D6D3}.Debug|x86.Build.0 = Debug|Any CPU
		{CAB02D28-BC1A-441E-AD28-4AF65883D6D3}.Release|Any CPU.ActiveCfg = Release|Any CPU
		{CAB02D28-BC1A-441E-AD28-4AF65883D6D3}.Release|Any CPU.Build.0 = Release|Any CPU
		{CAB02D28-BC1A-441E-AD28-4AF65883D6D3}.Release|x64.ActiveCfg = Release|Any CPU
		{CAB02D28-BC1A-441E-AD28-4AF65883D6D3}.Release|x64.Build.0 = Release|Any CPU
		{CAB02D28-BC1A-441E-AD28-4AF65883D6D3}.Release|x86.ActiveCfg = Release|Any CPU
		{CAB02D28-BC1A-441E-AD28-4AF65883D6D3}.Release|x86.Build.0 = Release|Any CPU
	EndGlobalSection
	GlobalSection(SolutionProperties) = preSolution
		HideSolutionNode = FALSE
	EndGlobalSection
	GlobalSection(ExtensibilityGlobals) = postSolution
		SolutionGuid = {93F5B9C6-8EEA-44E5-9C3A-956AEC9FCB68}
	EndGlobalSection
EndGlobal
