
Microsoft Visual Studio Solution File, Format Version 12.00
# Visual Studio Version 16
VisualStudioVersion = 16.6.30114.105
MinimumVisualStudioVersion = 10.0.40219.1
Project("{FAE04EC0-301F-11D3-BF4B-00C04F79EFBC}") = "Domain", "Domain\Domain.csproj", "{87DE0C68-2BCB-4530-92D7-C1525171785D}"
EndProject
Project("{FAE04EC0-301F-11D3-BF4B-00C04F79EFBC}") = "Client", "Client\Client.csproj", "{392E90CF-2DB8-48A2-9404-00E55A23714A}"
EndProject
Project("{FAE04EC0-301F-11D3-BF4B-00C04F79EFBC}") = "Tests", "Tests\Tests.csproj", "{1A408396-582C-44FE-A264-2FDDE1B549A6}"
EndProject
Global
	GlobalSection(SolutionConfigurationPlatforms) = preSolution
		Debug|Any CPU = Debug|Any CPU
		Debug|x64 = Debug|x64
		Debug|x86 = Debug|x86
		Release|Any CPU = Release|Any CPU
		Release|x64 = Release|x64
		Release|x86 = Release|x86
	EndGlobalSection
	GlobalSection(SolutionProperties) = preSolution
		HideSolutionNode = FALSE
	EndGlobalSection
	GlobalSection(ProjectConfigurationPlatforms) = postSolution
		{87DE0C68-2BCB-4530-92D7-C1525171785D}.Debug|Any CPU.ActiveCfg = Debug|Any CPU
		{87DE0C68-2BCB-4530-92D7-C1525171785D}.Debug|Any CPU.Build.0 = Debug|Any CPU
		{87DE0C68-2BCB-4530-92D7-C1525171785D}.Debug|x64.ActiveCfg = Debug|Any CPU
		{87DE0C68-2BCB-4530-92D7-C1525171785D}.Debug|x64.Build.0 = Debug|Any CPU
		{87DE0C68-2BCB-4530-92D7-C1525171785D}.Debug|x86.ActiveCfg = Debug|Any CPU
		{87DE0C68-2BCB-4530-92D7-C1525171785D}.Debug|x86.Build.0 = Debug|Any CPU
		{87DE0C68-2BCB-4530-92D7-C1525171785D}.Release|Any CPU.ActiveCfg = Release|Any CPU
		{87DE0C68-2BCB-4530-92D7-C1525171785D}.Release|Any CPU.Build.0 = Release|Any CPU
		{87DE0C68-2BCB-4530-92D7-C1525171785D}.Release|x64.ActiveCfg = Release|Any CPU
		{87DE0C68-2BCB-4530-92D7-C1525171785D}.Release|x64.Build.0 = Release|Any CPU
		{87DE0C68-2BCB-4530-92D7-C1525171785D}.Release|x86.ActiveCfg = Release|Any CPU
		{87DE0C68-2BCB-4530-92D7-C1525171785D}.Release|x86.Build.0 = Release|Any CPU
		{392E90CF-2DB8-48A2-9404-00E55A23714A}.Debug|Any CPU.ActiveCfg = Debug|Any CPU
		{392E90CF-2DB8-48A2-9404-00E55A23714A}.Debug|Any CPU.Build.0 = Debug|Any CPU
		{392E90CF-2DB8-48A2-9404-00E55A23714A}.Debug|x64.ActiveCfg = Debug|Any CPU
		{392E90CF-2DB8-48A2-9404-00E55A23714A}.Debug|x64.Build.0 = Debug|Any CPU
		{392E90CF-2DB8-48A2-9404-00E55A23714A}.Debug|x86.ActiveCfg = Debug|Any CPU
		{392E90CF-2DB8-48A2-9404-00E55A23714A}.Debug|x86.Build.0 = Debug|Any CPU
		{392E90CF-2DB8-48A2-9404-00E55A23714A}.Release|Any CPU.ActiveCfg = Release|Any CPU
		{392E90CF-2DB8-48A2-9404-00E55A23714A}.Release|Any CPU.Build.0 = Release|Any CPU
		{392E90CF-2DB8-48A2-9404-00E55A23714A}.Release|x64.ActiveCfg = Release|Any CPU
		{392E90CF-2DB8-48A2-9404-00E55A23714A}.Release|x64.Build.0 = Release|Any CPU
		{392E90CF-2DB8-48A2-9404-00E55A23714A}.Release|x86.ActiveCfg = Release|Any CPU
		{392E90CF-2DB8-48A2-9404-00E55A23714A}.Release|x86.Build.0 = Release|Any CPU
		{1A408396-582C-44FE-A264-2FDDE1B549A6}.Debug|Any CPU.ActiveCfg = Debug|Any CPU
		{1A408396-582C-44FE-A264-2FDDE1B549A6}.Debug|Any CPU.Build.0 = Debug|Any CPU
		{1A408396-582C-44FE-A264-2FDDE1B549A6}.Debug|x64.ActiveCfg = Debug|Any CPU
		{1A408396-582C-44FE-A264-2FDDE1B549A6}.Debug|x64.Build.0 = Debug|Any CPU
		{1A408396-582C-44FE-A264-2FDDE1B549A6}.Debug|x86.ActiveCfg = Debug|Any CPU
		{1A408396-582C-44FE-A264-2FDDE1B549A6}.Debug|x86.Build.0 = Debug|Any CPU
		{1A408396-582C-44FE-A264-2FDDE1B549A6}.Release|Any CPU.ActiveCfg = Release|Any CPU
		{1A408396-582C-44FE-A264-2FDDE1B549A6}.Release|Any CPU.Build.0 = Release|Any CPU
		{1A408396-582C-44FE-A264-2FDDE1B549A6}.Release|x64.ActiveCfg = Release|Any CPU
		{1A408396-582C-44FE-A264-2FDDE1B549A6}.Release|x64.Build.0 = Release|Any CPU
		{1A408396-582C-44FE-A264-2FDDE1B549A6}.Release|x86.ActiveCfg = Release|Any CPU
		{1A408396-582C-44FE-A264-2FDDE1B549A6}.Release|x86.Build.0 = Release|Any CPU
	EndGlobalSection
EndGlobal
